
Microsoft Visual Studio Solution File, Format Version 12.00
# Visual Studio 2012
Project("{FAE04EC0-301F-11D3-BF4B-00C04F79EFBC}") = "Auto_Mocker", "Auto_Mocker\Auto_Mocker.csproj", "{F47BA7E9-18AD-4DD8-9A0A-424BA3EB1182}"
EndProject
Project("{FAE04EC0-301F-11D3-BF4B-00C04F79EFBC}") = "Auto_Mocker_Test", "Auto_Mocker_Test\Auto_Mocker_Test.csproj", "{15CCF858-17C9-4ECC-A359-10E8999277A3}"
EndProject
Global
	GlobalSection(SolutionConfigurationPlatforms) = preSolution
		Debug|Any CPU = Debug|Any CPU
		Release|Any CPU = Release|Any CPU
	EndGlobalSection
	GlobalSection(ProjectConfigurationPlatforms) = postSolution
		{F47BA7E9-18AD-4DD8-9A0A-424BA3EB1182}.Debug|Any CPU.ActiveCfg = Debug|Any CPU
		{F47BA7E9-18AD-4DD8-9A0A-424BA3EB1182}.Debug|Any CPU.Build.0 = Debug|Any CPU
		{F47BA7E9-18AD-4DD8-9A0A-424BA3EB1182}.Release|Any CPU.ActiveCfg = Release|Any CPU
		{F47BA7E9-18AD-4DD8-9A0A-424BA3EB1182}.Release|Any CPU.Build.0 = Release|Any CPU
		{15CCF858-17C9-4ECC-A359-10E8999277A3}.Debug|Any CPU.ActiveCfg = Debug|Any CPU
		{15CCF858-17C9-4ECC-A359-10E8999277A3}.Debug|Any CPU.Build.0 = Debug|Any CPU
		{15CCF858-17C9-4ECC-A359-10E8999277A3}.Release|Any CPU.ActiveCfg = Release|Any CPU
		{15CCF858-17C9-4ECC-A359-10E8999277A3}.Release|Any CPU.Build.0 = Release|Any CPU
	EndGlobalSection
	GlobalSection(SolutionProperties) = preSolution
		HideSolutionNode = FALSE
	EndGlobalSection
EndGlobal
