
Microsoft Visual Studio Solution File, Format Version 12.00
# Visual Studio 2012
Project("{FAE04EC0-301F-11D3-BF4B-00C04F79EFBC}") = "Rhino_mock", "Rhino_mock\Rhino_mock.csproj", "{11FC62FF-C506-4D64-87F6-D7667AC769A2}"
EndProject
Project("{FAE04EC0-301F-11D3-BF4B-00C04F79EFBC}") = "Test_Rhino_Mock", "Test_Rhino_Mock\Test_Rhino_Mock.csproj", "{C20AB2DE-2951-419F-ADEB-29F5F81BCE09}"
EndProject
Global
	GlobalSection(SolutionConfigurationPlatforms) = preSolution
		Debug|Any CPU = Debug|Any CPU
		Release|Any CPU = Release|Any CPU
	EndGlobalSection
	GlobalSection(ProjectConfigurationPlatforms) = postSolution
		{11FC62FF-C506-4D64-87F6-D7667AC769A2}.Debug|Any CPU.ActiveCfg = Debug|Any CPU
		{11FC62FF-C506-4D64-87F6-D7667AC769A2}.Debug|Any CPU.Build.0 = Debug|Any CPU
		{11FC62FF-C506-4D64-87F6-D7667AC769A2}.Release|Any CPU.ActiveCfg = Release|Any CPU
		{11FC62FF-C506-4D64-87F6-D7667AC769A2}.Release|Any CPU.Build.0 = Release|Any CPU
		{C20AB2DE-2951-419F-ADEB-29F5F81BCE09}.Debug|Any CPU.ActiveCfg = Debug|Any CPU
		{C20AB2DE-2951-419F-ADEB-29F5F81BCE09}.Debug|Any CPU.Build.0 = Debug|Any CPU
		{C20AB2DE-2951-419F-ADEB-29F5F81BCE09}.Release|Any CPU.ActiveCfg = Release|Any CPU
		{C20AB2DE-2951-419F-ADEB-29F5F81BCE09}.Release|Any CPU.Build.0 = Release|Any CPU
	EndGlobalSection
	GlobalSection(SolutionProperties) = preSolution
		HideSolutionNode = FALSE
	EndGlobalSection
EndGlobal
